
Microsoft Visual Studio Solution File, Format Version 12.00
# Visual Studio 14
VisualStudioVersion = 14.0.25420.1
MinimumVisualStudioVersion = 10.0.40219.1
Project("{FAE04EC0-301F-11D3-BF4B-00C04F79EFBC}") = "AmazonReloader", "AmazonReloader\AmazonReloader.csproj", "{C46D8079-66EC-4405-B517-8ED42BBDCAA7}"
EndProject
Project("{FAE04EC0-301F-11D3-BF4B-00C04F79EFBC}") = "AccountInfoEncryptor", "AccountEncryptor\AccountInfoEncryptor.csproj", "{04AD77DB-1BC2-46DD-AC16-EDC3F8E07E2B}"
EndProject
Global
	GlobalSection(SolutionConfigurationPlatforms) = preSolution
		Debug|Any CPU = Debug|Any CPU
		Release|Any CPU = Release|Any CPU
	EndGlobalSection
	GlobalSection(ProjectConfigurationPlatforms) = postSolution
		{C46D8079-66EC-4405-B517-8ED42BBDCAA7}.Debug|Any CPU.ActiveCfg = Debug|Any CPU
		{C46D8079-66EC-4405-B517-8ED42BBDCAA7}.Debug|Any CPU.Build.0 = Debug|Any CPU
		{C46D8079-66EC-4405-B517-8ED42BBDCAA7}.Release|Any CPU.ActiveCfg = Release|Any CPU
		{C46D8079-66EC-4405-B517-8ED42BBDCAA7}.Release|Any CPU.Build.0 = Release|Any CPU
		{04AD77DB-1BC2-46DD-AC16-EDC3F8E07E2B}.Debug|Any CPU.ActiveCfg = Debug|Any CPU
		{04AD77DB-1BC2-46DD-AC16-EDC3F8E07E2B}.Debug|Any CPU.Build.0 = Debug|Any CPU
		{04AD77DB-1BC2-46DD-AC16-EDC3F8E07E2B}.Release|Any CPU.ActiveCfg = Release|Any CPU
		{04AD77DB-1BC2-46DD-AC16-EDC3F8E07E2B}.Release|Any CPU.Build.0 = Release|Any CPU
	EndGlobalSection
	GlobalSection(SolutionProperties) = preSolution
		HideSolutionNode = FALSE
	EndGlobalSection
EndGlobal
